# THIS IS AN AUTOGENERATED FILE. DO NOT EDIT THIS FILE DIRECTLY.
# yarn lockfile v1


is-number-prime@^1.0.1:
  version "1.0.1"
  resolved "https://registry.yarnpkg.com/is-number-prime/-/is-number-prime-1.0.1.tgz#cfe2eba6cea7e7d994061fc2e05639afd3dbfcfc"

rollup@^0.55.1:
  version "0.55.1"
  resolved "https://registry.yarnpkg.com/rollup/-/rollup-0.55.1.tgz#baf4f23abe3014b29e56dea7d72d9946e56ac7dd"
